
Microsoft Visual Studio Solution File, Format Version 12.00
Project("{FAE04EC0-301F-11D3-BF4B-00C04F79EFBC}") = "TestAPI", "TestAPI\TestAPI.csproj", "{83742E05-ED31-4726-A22C-D2D1049D832E}"
EndProject
Global
	GlobalSection(SolutionConfigurationPlatforms) = preSolution
		Debug|Any CPU = Debug|Any CPU
		Release|Any CPU = Release|Any CPU
	EndGlobalSection
	GlobalSection(ProjectConfigurationPlatforms) = postSolution
		{83742E05-ED31-4726-A22C-D2D1049D832E}.Debug|Any CPU.ActiveCfg = Debug|Any CPU
		{83742E05-ED31-4726-A22C-D2D1049D832E}.Debug|Any CPU.Build.0 = Debug|Any CPU
		{83742E05-ED31-4726-A22C-D2D1049D832E}.Release|Any CPU.ActiveCfg = Release|Any CPU
		{83742E05-ED31-4726-A22C-D2D1049D832E}.Release|Any CPU.Build.0 = Release|Any CPU
	EndGlobalSection
EndGlobal
